<?xml version="1.0" encoding="utf-8"?>
<Project ToolsVersion="4.0" xmlns="http://schemas.microsoft.com/developer/msbuild/2003">
  <ItemGroup>
    <ClCompile Include="main.cpp" />
    <ClCompile Include="converters\Converter.cpp">
      <Filter>converters</Filter>
    </ClCompile>
    <ClCompile Include="utils\LSVUtils.cpp">
      <Filter>utils</Filter>
    </ClCompile>
    <ClCompile Include="parsers\MathMLParser.cpp">
      <Filter>parsers</Filter>
    </ClCompile>
    <ClCompile Include="parsers\OpenMathParser.cpp">
      <Filter>parsers</Filter>
    </ClCompile>
    <ClCompile Include="parsers\TexParser.cpp">
      <Filter>parsers</Filter>
    </ClCompile>
    <ClCompile Include="MathMLBuildVisitor.cpp">
      <Filter>visitors</Filter>
    </ClCompile>
    <ClCompile Include="visitors\CSintacticValidationVisitor.cpp">
      <Filter>visitors</Filter>
    </ClCompile>
    <ClCompile Include="expression_tree\Expression.cpp">
      <Filter>expression_tree</Filter>
    </ClCompile>
    <ClCompile Include="pugixml\pugixml.cpp">
      <Filter>pugixml</Filter>
    </ClCompile>
    <ClCompile Include="visitors\CPrintVisitor.cpp">
      <Filter>visitors</Filter>
    </ClCompile>
    <ClCompile Include="visitors\CExportMathMLVisitor.cpp">
      <Filter>visitors</Filter>
    </ClCompile>
    <ClCompile Include="visitors\CExportOpenMathVisitor.cpp">
      <Filter>visitors</Filter>
    </ClCompile>
    <ClCompile Include="visitors\CExportTexVisitor.cpp">
      <Filter>visitors</Filter>
    </ClCompile>
  </ItemGroup>
  <ItemGroup>
    <ClInclude Include="converters\Converter.h">
      <Filter>converters</Filter>
    </ClInclude>
    <ClInclude Include="expression_tree\Expression.h">
      <Filter>expression_tree</Filter>
    </ClInclude>
    <ClInclude Include="utils\LSVUtils.h">
      <Filter>utils</Filter>
    </ClInclude>
    <ClInclude Include="parsers\MathMLParser.h">
      <Filter>parsers</Filter>
    </ClInclude>
    <ClInclude Include="parsers\OpenMathParser.h">
      <Filter>parsers</Filter>
    </ClInclude>
    <ClInclude Include="parsers\TexParser.h">
      <Filter>parsers</Filter>
    </ClInclude>
    <ClInclude Include="visitors\MathMLBuildVisitor.h">
      <Filter>visitors</Filter>
    </ClInclude>
    <ClInclude Include="visitors\CSintacticValdationVisitor.h">
      <Filter>visitors</Filter>
    </ClInclude>
    <ClInclude Include="visitors\IVisitor.h">
      <Filter>visitors</Filter>
    </ClInclude>
    <ClInclude Include="pugixml\pugiconfig.hpp">
      <Filter>pugixml</Filter>
    </ClInclude>
    <ClInclude Include="pugixml\pugixml.hpp">
      <Filter>pugixml</Filter>
    </ClInclude>
    <ClInclude Include="visitors\CPrintVisitor.h">
      <Filter>visitors</Filter>
    </ClInclude>
    <ClInclude Include="visitors\CExportMathMLVisitor.h">
      <Filter>visitors</Filter>
    </ClInclude>
    <ClInclude Include="visitors\CExportOpenMathVisitor.h">
      <Filter>visitors</Filter>
    </ClInclude>
    <ClInclude Include="visitors\CExportTexVisitor.h">
      <Filter>visitors</Filter>
    </ClInclude>
  </ItemGroup>
  <ItemGroup>
    <Filter Include="converters">
      <UniqueIdentifier>{4cf1a97c-1128-4f56-9695-080623597c57}</UniqueIdentifier>
    </Filter>
    <Filter Include="expression_tree">
      <UniqueIdentifier>{749fe088-9da1-4748-a9fc-f49228d0191c}</UniqueIdentifier>
    </Filter>
    <Filter Include="parsers">
      <UniqueIdentifier>{2600b5ef-365b-499b-b91e-020b4a1e00fe}</UniqueIdentifier>
    </Filter>
    <Filter Include="utils">
      <UniqueIdentifier>{6133f4b9-f23b-4256-a418-e5fb341eded2}</UniqueIdentifier>
    </Filter>
    <Filter Include="visitors">
      <UniqueIdentifier>{e7e78bd1-ec2c-40ba-8c9f-bbd861644008}</UniqueIdentifier>
    </Filter>
    <Filter Include="pugixml">
      <UniqueIdentifier>{2bc5c249-7d37-41f0-8c51-f1840bf82d66}</UniqueIdentifier>
    </Filter>
  </ItemGroup>
</Project>